// !$*UTF8*$!
{
	archiveVersion = 1;
	classes = {
	};
	objectVersion = 56;
	objects = {

/* Begin PBXBuildFile section */
		5258FA6C2AE137270094C1EB /* DemoEcommerceApp.swift in Sources */ = {isa = PBXBuildFile; fileRef = 5258FA6B2AE137270094C1EB /* DemoEcommerceApp.swift */; };
		5258FA6E2AE137270094C1EB /* ContentView.swift in Sources */ = {isa = PBXBuildFile; fileRef = 5258FA6D2AE137270094C1EB /* ContentView.swift */; };
		5258FA702AE137290094C1EB /* Assets.xcassets in Resources */ = {isa = PBXBuildFile; fileRef = 5258FA6F2AE137290094C1EB /* Assets.xcassets */; };
		5258FA732AE137290094C1EB /* Preview Assets.xcassets in Resources */ = {isa = PBXBuildFile; fileRef = 5258FA722AE137290094C1EB /* Preview Assets.xcassets */; };
		5258FA7D2AE137290094C1EB /* DemoEcommerceTests.swift in Sources */ = {isa = PBXBuildFile; fileRef = 5258FA7C2AE137290094C1EB /* DemoEcommerceTests.swift */; };
		5258FA872AE137290094C1EB /* DemoEcommerceUITests.swift in Sources */ = {isa = PBXBuildFile; fileRef = 5258FA862AE137290094C1EB /* DemoEcommerceUITests.swift */; };
		5258FA892AE137290094C1EB /* DemoEcommerceUITestsLaunchTests.swift in Sources */ = {isa = PBXBuildFile; fileRef = 5258FA882AE137290094C1EB /* DemoEcommerceUITestsLaunchTests.swift */; };
		5258FA972AE16CEE0094C1EB /* LoginView.swift in Sources */ = {isa = PBXBuildFile; fileRef = 5258FA962AE16CEE0094C1EB /* LoginView.swift */; };
		5258FA992AE170340094C1EB /* RegistrationView.swift in Sources */ = {isa = PBXBuildFile; fileRef = 5258FA982AE170340094C1EB /* RegistrationView.swift */; };
		5258FA9B2AE187060094C1EB /* InputView.swift in Sources */ = {isa = PBXBuildFile; fileRef = 5258FA9A2AE187060094C1EB /* InputView.swift */; };
		5258FA9D2AE1EE2D0094C1EB /* ProfileView.swift in Sources */ = {isa = PBXBuildFile; fileRef = 5258FA9C2AE1EE2D0094C1EB /* ProfileView.swift */; };
		5258FA9F2AE1EE5E0094C1EB /* SettingsRowView.swift in Sources */ = {isa = PBXBuildFile; fileRef = 5258FA9E2AE1EE5E0094C1EB /* SettingsRowView.swift */; };
		5258FAA22AE1F36D0094C1EB /* User.swift in Sources */ = {isa = PBXBuildFile; fileRef = 5258FAA12AE1F36D0094C1EB /* User.swift */; };
		5270F0FE2AE26C8C005BC845 /* GoogleService-Info.plist in Resources */ = {isa = PBXBuildFile; fileRef = 5270F0FD2AE26C8C005BC845 /* GoogleService-Info.plist */; };
		5270F1012AE26F9A005BC845 /* FirebaseAuth in Frameworks */ = {isa = PBXBuildFile; productRef = 5270F1002AE26F9A005BC845 /* FirebaseAuth */; };
		5270F1032AE26F9A005BC845 /* FirebaseFirestore in Frameworks */ = {isa = PBXBuildFile; productRef = 5270F1022AE26F9A005BC845 /* FirebaseFirestore */; };
		5270F1052AE26F9A005BC845 /* FirebaseFirestoreSwift in Frameworks */ = {isa = PBXBuildFile; productRef = 5270F1042AE26F9A005BC845 /* FirebaseFirestoreSwift */; };
		5270F1072AE26F9A005BC845 /* FirebaseStorage in Frameworks */ = {isa = PBXBuildFile; productRef = 5270F1062AE26F9A005BC845 /* FirebaseStorage */; };
		5270F10A2AE2710F005BC845 /* AuthViewModel.swift in Sources */ = {isa = PBXBuildFile; fileRef = 5270F1092AE2710F005BC845 /* AuthViewModel.swift */; };
		5270F10C2AE2792B005BC845 /* ContentViewOne.swift in Sources */ = {isa = PBXBuildFile; fileRef = 5270F10B2AE2792B005BC845 /* ContentViewOne.swift */; };
		5270F10E2AE2B439005BC845 /* HomeView.swift in Sources */ = {isa = PBXBuildFile; fileRef = 5270F10D2AE2B439005BC845 /* HomeView.swift */; };
		5274FF642AE91F4D00B9D6A8 /* NetworkError.swift in Sources */ = {isa = PBXBuildFile; fileRef = 5274FF632AE91F4D00B9D6A8 /* NetworkError.swift */; };
		5274FF692AE92A6600B9D6A8 /* ProductListView.swift in Sources */ = {isa = PBXBuildFile; fileRef = 5274FF682AE92A6600B9D6A8 /* ProductListView.swift */; };
		5274FF6B2AE92AC300B9D6A8 /* CategoryView.swift in Sources */ = {isa = PBXBuildFile; fileRef = 5274FF6A2AE92AC300B9D6A8 /* CategoryView.swift */; };
		5274FF6F2AE92B8F00B9D6A8 /* MainView.swift in Sources */ = {isa = PBXBuildFile; fileRef = 5274FF6E2AE92B8F00B9D6A8 /* MainView.swift */; };
		5274FF712AE9606500B9D6A8 /* ProductData.swift in Sources */ = {isa = PBXBuildFile; fileRef = 5274FF702AE9606500B9D6A8 /* ProductData.swift */; };
		5274FF742AE960CE00B9D6A8 /* NetworkURL.swift in Sources */ = {isa = PBXBuildFile; fileRef = 5274FF732AE960CE00B9D6A8 /* NetworkURL.swift */; };
		5274FF762AE9611200B9D6A8 /* Fetchable.swift in Sources */ = {isa = PBXBuildFile; fileRef = 5274FF752AE9611200B9D6A8 /* Fetchable.swift */; };
		5274FF782AE9617300B9D6A8 /* Networking.swift in Sources */ = {isa = PBXBuildFile; fileRef = 5274FF772AE9617300B9D6A8 /* Networking.swift */; };
		5274FF7A2AE9619000B9D6A8 /* NetworkManager.swift in Sources */ = {isa = PBXBuildFile; fileRef = 5274FF792AE9619000B9D6A8 /* NetworkManager.swift */; };
		5274FF7C2AE961AA00B9D6A8 /* JsonParser.swift in Sources */ = {isa = PBXBuildFile; fileRef = 5274FF7B2AE961AA00B9D6A8 /* JsonParser.swift */; };
		5274FF7E2AE961E500B9D6A8 /* ProductListViewModel.swift in Sources */ = {isa = PBXBuildFile; fileRef = 5274FF7D2AE961E500B9D6A8 /* ProductListViewModel.swift */; };
		5274FF812AE9628E00B9D6A8 /* ProductRepository.swift in Sources */ = {isa = PBXBuildFile; fileRef = 5274FF802AE9628E00B9D6A8 /* ProductRepository.swift */; };
		5274FF842AE964A000B9D6A8 /* CacheAsyncImage.swift in Sources */ = {isa = PBXBuildFile; fileRef = 5274FF832AE964A000B9D6A8 /* CacheAsyncImage.swift */; };
		5274FF872AE9656700B9D6A8 /* ProductAsyncImageView.swift in Sources */ = {isa = PBXBuildFile; fileRef = 5274FF862AE9656700B9D6A8 /* ProductAsyncImageView.swift */; };
		5274FF892AE966C200B9D6A8 /* ProductListViewCell.swift in Sources */ = {isa = PBXBuildFile; fileRef = 5274FF882AE966C200B9D6A8 /* ProductListViewCell.swift */; };
		528DA6EE2AEBD3DB00FA67FE /* OrderView.swift in Sources */ = {isa = PBXBuildFile; fileRef = 528DA6ED2AEBD3DA00FA67FE /* OrderView.swift */; };
		528DA6F02AEBF52700FA67FE /* CategoryRepository.swift in Sources */ = {isa = PBXBuildFile; fileRef = 528DA6EF2AEBF52700FA67FE /* CategoryRepository.swift */; };
		528DA6F42AEBF80600FA67FE /* CategorytListViewModel.swift in Sources */ = {isa = PBXBuildFile; fileRef = 528DA6F32AEBF80600FA67FE /* CategorytListViewModel.swift */; };
		528DA6F92AEBFB0C00FA67FE /* SmartPhoneCategoryViewCell.swift in Sources */ = {isa = PBXBuildFile; fileRef = 528DA6F82AEBFB0C00FA67FE /* SmartPhoneCategoryViewCell.swift */; };
		52B030A72AF2978900161F22 /* CategoryData.swift in Sources */ = {isa = PBXBuildFile; fileRef = 52B030A62AF2978900161F22 /* CategoryData.swift */; };
		52D81EDC2AEFD35E002B8929 /* TextModifier.swift in Sources */ = {isa = PBXBuildFile; fileRef = 52D81EDB2AEFD35E002B8929 /* TextModifier.swift */; };
		52D81EDE2AF00C45002B8929 /* Order.swift in Sources */ = {isa = PBXBuildFile; fileRef = 52D81EDD2AF00C45002B8929 /* Order.swift */; };
		52D81EE02AF03595002B8929 /* OrderItemRow.swift in Sources */ = {isa = PBXBuildFile; fileRef = 52D81EDF2AF03595002B8929 /* OrderItemRow.swift */; };
		52D81EE22AF07EC2002B8929 /* CartButton.swift in Sources */ = {isa = PBXBuildFile; fileRef = 52D81EE12AF07EC2002B8929 /* CartButton.swift */; };
/* End PBXBuildFile section */

/* Begin PBXContainerItemProxy section */
		5258FA792AE137290094C1EB /* PBXContainerItemProxy */ = {
			isa = PBXContainerItemProxy;
			containerPortal = 5258FA602AE137270094C1EB /* Project object */;
			proxyType = 1;
			remoteGlobalIDString = 5258FA672AE137270094C1EB;
			remoteInfo = DemoEcommerce;
		};
		5258FA832AE137290094C1EB /* PBXContainerItemProxy */ = {
			isa = PBXContainerItemProxy;
			containerPortal = 5258FA602AE137270094C1EB /* Project object */;
			proxyType = 1;
			remoteGlobalIDString = 5258FA672AE137270094C1EB;
			remoteInfo = DemoEcommerce;
		};
/* End PBXContainerItemProxy section */

/* Begin PBXFileReference section */
		5258FA682AE137270094C1EB /* DemoEcommerce.app */ = {isa = PBXFileReference; explicitFileType = wrapper.application; includeInIndex = 0; path = DemoEcommerce.app; sourceTree = BUILT_PRODUCTS_DIR; };
		5258FA6B2AE137270094C1EB /* DemoEcommerceApp.swift */ = {isa = PBXFileReference; lastKnownFileType = sourcecode.swift; path = DemoEcommerceApp.swift; sourceTree = "<group>"; };
		5258FA6D2AE137270094C1EB /* ContentView.swift */ = {isa = PBXFileReference; lastKnownFileType = sourcecode.swift; path = ContentView.swift; sourceTree = "<group>"; };
		5258FA6F2AE137290094C1EB /* Assets.xcassets */ = {isa = PBXFileReference; lastKnownFileType = folder.assetcatalog; path = Assets.xcassets; sourceTree = "<group>"; };
		5258FA722AE137290094C1EB /* Preview Assets.xcassets */ = {isa = PBXFileReference; lastKnownFileType = folder.assetcatalog; path = "Preview Assets.xcassets"; sourceTree = "<group>"; };
		5258FA782AE137290094C1EB /* DemoEcommerceTests.xctest */ = {isa = PBXFileReference; explicitFileType = wrapper.cfbundle; includeInIndex = 0; path = DemoEcommerceTests.xctest; sourceTree = BUILT_PRODUCTS_DIR; };
		5258FA7C2AE137290094C1EB /* DemoEcommerceTests.swift */ = {isa = PBXFileReference; lastKnownFileType = sourcecode.swift; path = DemoEcommerceTests.swift; sourceTree = "<group>"; };
		5258FA822AE137290094C1EB /* DemoEcommerceUITests.xctest */ = {isa = PBXFileReference; explicitFileType = wrapper.cfbundle; includeInIndex = 0; path = DemoEcommerceUITests.xctest; sourceTree = BUILT_PRODUCTS_DIR; };
		5258FA862AE137290094C1EB /* DemoEcommerceUITests.swift */ = {isa = PBXFileReference; lastKnownFileType = sourcecode.swift; path = DemoEcommerceUITests.swift; sourceTree = "<group>"; };
		5258FA882AE137290094C1EB /* DemoEcommerceUITestsLaunchTests.swift */ = {isa = PBXFileReference; lastKnownFileType = sourcecode.swift; path = DemoEcommerceUITestsLaunchTests.swift; sourceTree = "<group>"; };
		5258FA962AE16CEE0094C1EB /* LoginView.swift */ = {isa = PBXFileReference; lastKnownFileType = sourcecode.swift; path = LoginView.swift; sourceTree = "<group>"; };
		5258FA982AE170340094C1EB /* RegistrationView.swift */ = {isa = PBXFileReference; lastKnownFileType = sourcecode.swift; path = RegistrationView.swift; sourceTree = "<group>"; };
		5258FA9A2AE187060094C1EB /* InputView.swift */ = {isa = PBXFileReference; lastKnownFileType = sourcecode.swift; path = InputView.swift; sourceTree = "<group>"; };
		5258FA9C2AE1EE2D0094C1EB /* ProfileView.swift */ = {isa = PBXFileReference; lastKnownFileType = sourcecode.swift; path = ProfileView.swift; sourceTree = "<group>"; };
		5258FA9E2AE1EE5E0094C1EB /* SettingsRowView.swift */ = {isa = PBXFileReference; lastKnownFileType = sourcecode.swift; path = SettingsRowView.swift; sourceTree = "<group>"; };
		5258FAA12AE1F36D0094C1EB /* User.swift */ = {isa = PBXFileReference; lastKnownFileType = sourcecode.swift; path = User.swift; sourceTree = "<group>"; };
		5270F0FD2AE26C8C005BC845 /* GoogleService-Info.plist */ = {isa = PBXFileReference; fileEncoding = 4; lastKnownFileType = text.plist.xml; path = "GoogleService-Info.plist"; sourceTree = "<group>"; };
		5270F1092AE2710F005BC845 /* AuthViewModel.swift */ = {isa = PBXFileReference; lastKnownFileType = sourcecode.swift; path = AuthViewModel.swift; sourceTree = "<group>"; };
		5270F10B2AE2792B005BC845 /* ContentViewOne.swift */ = {isa = PBXFileReference; lastKnownFileType = sourcecode.swift; path = ContentViewOne.swift; sourceTree = "<group>"; };
		5270F10D2AE2B439005BC845 /* HomeView.swift */ = {isa = PBXFileReference; lastKnownFileType = sourcecode.swift; path = HomeView.swift; sourceTree = "<group>"; };
		5274FF632AE91F4D00B9D6A8 /* NetworkError.swift */ = {isa = PBXFileReference; lastKnownFileType = sourcecode.swift; path = NetworkError.swift; sourceTree = "<group>"; };
		5274FF682AE92A6600B9D6A8 /* ProductListView.swift */ = {isa = PBXFileReference; lastKnownFileType = sourcecode.swift; path = ProductListView.swift; sourceTree = "<group>"; };
		5274FF6A2AE92AC300B9D6A8 /* CategoryView.swift */ = {isa = PBXFileReference; lastKnownFileType = sourcecode.swift; path = CategoryView.swift; sourceTree = "<group>"; };
		5274FF6E2AE92B8F00B9D6A8 /* MainView.swift */ = {isa = PBXFileReference; lastKnownFileType = sourcecode.swift; path = MainView.swift; sourceTree = "<group>"; };
		5274FF702AE9606500B9D6A8 /* ProductData.swift */ = {isa = PBXFileReference; lastKnownFileType = sourcecode.swift; path = ProductData.swift; sourceTree = "<group>"; };
		5274FF732AE960CE00B9D6A8 /* NetworkURL.swift */ = {isa = PBXFileReference; lastKnownFileType = sourcecode.swift; path = NetworkURL.swift; sourceTree = "<group>"; };
		5274FF752AE9611200B9D6A8 /* Fetchable.swift */ = {isa = PBXFileReference; lastKnownFileType = sourcecode.swift; path = Fetchable.swift; sourceTree = "<group>"; };
		5274FF772AE9617300B9D6A8 /* Networking.swift */ = {isa = PBXFileReference; lastKnownFileType = sourcecode.swift; path = Networking.swift; sourceTree = "<group>"; };
		5274FF792AE9619000B9D6A8 /* NetworkManager.swift */ = {isa = PBXFileReference; lastKnownFileType = sourcecode.swift; path = NetworkManager.swift; sourceTree = "<group>"; };
		5274FF7B2AE961AA00B9D6A8 /* JsonParser.swift */ = {isa = PBXFileReference; lastKnownFileType = sourcecode.swift; path = JsonParser.swift; sourceTree = "<group>"; };
		5274FF7D2AE961E500B9D6A8 /* ProductListViewModel.swift */ = {isa = PBXFileReference; lastKnownFileType = sourcecode.swift; path = ProductListViewModel.swift; sourceTree = "<group>"; };
		5274FF802AE9628E00B9D6A8 /* ProductRepository.swift */ = {isa = PBXFileReference; lastKnownFileType = sourcecode.swift; path = ProductRepository.swift; sourceTree = "<group>"; };
		5274FF832AE964A000B9D6A8 /* CacheAsyncImage.swift */ = {isa = PBXFileReference; lastKnownFileType = sourcecode.swift; path = CacheAsyncImage.swift; sourceTree = "<group>"; };
		5274FF862AE9656700B9D6A8 /* ProductAsyncImageView.swift */ = {isa = PBXFileReference; lastKnownFileType = sourcecode.swift; path = ProductAsyncImageView.swift; sourceTree = "<group>"; };
		5274FF882AE966C200B9D6A8 /* ProductListViewCell.swift */ = {isa = PBXFileReference; lastKnownFileType = sourcecode.swift; path = ProductListViewCell.swift; sourceTree = "<group>"; };
		528DA6ED2AEBD3DA00FA67FE /* OrderView.swift */ = {isa = PBXFileReference; lastKnownFileType = sourcecode.swift; path = OrderView.swift; sourceTree = "<group>"; };
		528DA6EF2AEBF52700FA67FE /* CategoryRepository.swift */ = {isa = PBXFileReference; lastKnownFileType = sourcecode.swift; path = CategoryRepository.swift; sourceTree = "<group>"; };
		528DA6F32AEBF80600FA67FE /* CategorytListViewModel.swift */ = {isa = PBXFileReference; lastKnownFileType = sourcecode.swift; path = CategorytListViewModel.swift; sourceTree = "<group>"; };
		528DA6F82AEBFB0C00FA67FE /* SmartPhoneCategoryViewCell.swift */ = {isa = PBXFileReference; lastKnownFileType = sourcecode.swift; path = SmartPhoneCategoryViewCell.swift; sourceTree = "<group>"; };
		52B030A62AF2978900161F22 /* CategoryData.swift */ = {isa = PBXFileReference; lastKnownFileType = sourcecode.swift; path = CategoryData.swift; sourceTree = "<group>"; };
		52D81EDB2AEFD35E002B8929 /* TextModifier.swift */ = {isa = PBXFileReference; lastKnownFileType = sourcecode.swift; path = TextModifier.swift; sourceTree = "<group>"; };
		52D81EDD2AF00C45002B8929 /* Order.swift */ = {isa = PBXFileReference; lastKnownFileType = sourcecode.swift; path = Order.swift; sourceTree = "<group>"; };
		52D81EDF2AF03595002B8929 /* OrderItemRow.swift */ = {isa = PBXFileReference; lastKnownFileType = sourcecode.swift; path = OrderItemRow.swift; sourceTree = "<group>"; };
		52D81EE12AF07EC2002B8929 /* CartButton.swift */ = {isa = PBXFileReference; lastKnownFileType = sourcecode.swift; path = CartButton.swift; sourceTree = "<group>"; };
/* End PBXFileReference section */

/* Begin PBXFrameworksBuildPhase section */
		5258FA652AE137270094C1EB /* Frameworks */ = {
			isa = PBXFrameworksBuildPhase;
			buildActionMask = 2147483647;
			files = (
				5270F1012AE26F9A005BC845 /* FirebaseAuth in Frameworks */,
				5270F1072AE26F9A005BC845 /* FirebaseStorage in Frameworks */,
				5270F1032AE26F9A005BC845 /* FirebaseFirestore in Frameworks */,
				5270F1052AE26F9A005BC845 /* FirebaseFirestoreSwift in Frameworks */,
			);
			runOnlyForDeploymentPostprocessing = 0;
		};
		5258FA752AE137290094C1EB /* Frameworks */ = {
			isa = PBXFrameworksBuildPhase;
			buildActionMask = 2147483647;
			files = (
			);
			runOnlyForDeploymentPostprocessing = 0;
		};
		5258FA7F2AE137290094C1EB /* Frameworks */ = {
			isa = PBXFrameworksBuildPhase;
			buildActionMask = 2147483647;
			files = (
			);
			runOnlyForDeploymentPostprocessing = 0;
		};
/* End PBXFrameworksBuildPhase section */

/* Begin PBXGroup section */
		5258FA5F2AE137270094C1EB = {
			isa = PBXGroup;
			children = (
				5258FA6A2AE137270094C1EB /* DemoEcommerce */,
				5258FA7B2AE137290094C1EB /* DemoEcommerceTests */,
				5258FA852AE137290094C1EB /* DemoEcommerceUITests */,
				5258FA692AE137270094C1EB /* Products */,
			);
			sourceTree = "<group>";
		};
		5258FA692AE137270094C1EB /* Products */ = {
			isa = PBXGroup;
			children = (
				5258FA682AE137270094C1EB /* DemoEcommerce.app */,
				5258FA782AE137290094C1EB /* DemoEcommerceTests.xctest */,
				5258FA822AE137290094C1EB /* DemoEcommerceUITests.xctest */,
			);
			name = Products;
			sourceTree = "<group>";
		};
		5258FA6A2AE137270094C1EB /* DemoEcommerce */ = {
			isa = PBXGroup;
			children = (
				52D81EDA2AEFD309002B8929 /* ViewModifier */,
				5274FF822AE9648900B9D6A8 /* CachedImage */,
				5274FF7F2AE9626D00B9D6A8 /* Repository */,
				5274FF722AE960B000B9D6A8 /* NetworkLayer */,
				5274FF652AE9297C00B9D6A8 /* AuthView */,
				5270F1082AE2709F005BC845 /* ViewModel */,
				5258FAA02AE1F35E0094C1EB /* Modal */,
				5258FA952AE16CD50094C1EB /* Views */,
				5258FA6B2AE137270094C1EB /* DemoEcommerceApp.swift */,
				5258FA6D2AE137270094C1EB /* ContentView.swift */,
				5258FA6F2AE137290094C1EB /* Assets.xcassets */,
				5270F0FD2AE26C8C005BC845 /* GoogleService-Info.plist */,
				5258FA712AE137290094C1EB /* Preview Content */,
			);
			path = DemoEcommerce;
			sourceTree = "<group>";
		};
		5258FA712AE137290094C1EB /* Preview Content */ = {
			isa = PBXGroup;
			children = (
				5258FA722AE137290094C1EB /* Preview Assets.xcassets */,
			);
			path = "Preview Content";
			sourceTree = "<group>";
		};
		5258FA7B2AE137290094C1EB /* DemoEcommerceTests */ = {
			isa = PBXGroup;
			children = (
				5258FA7C2AE137290094C1EB /* DemoEcommerceTests.swift */,
			);
			path = DemoEcommerceTests;
			sourceTree = "<group>";
		};
		5258FA852AE137290094C1EB /* DemoEcommerceUITests */ = {
			isa = PBXGroup;
			children = (
				5258FA862AE137290094C1EB /* DemoEcommerceUITests.swift */,
				5258FA882AE137290094C1EB /* DemoEcommerceUITestsLaunchTests.swift */,
			);
			path = DemoEcommerceUITests;
			sourceTree = "<group>";
		};
		5258FA952AE16CD50094C1EB /* Views */ = {
			isa = PBXGroup;
			children = (
				5258FA962AE16CEE0094C1EB /* LoginView.swift */,
				5258FA982AE170340094C1EB /* RegistrationView.swift */,
				5258FA9A2AE187060094C1EB /* InputView.swift */,
				5258FA9C2AE1EE2D0094C1EB /* ProfileView.swift */,
				5258FA9E2AE1EE5E0094C1EB /* SettingsRowView.swift */,
				5270F10B2AE2792B005BC845 /* ContentViewOne.swift */,
				5270F10D2AE2B439005BC845 /* HomeView.swift */,
			);
			path = Views;
			sourceTree = "<group>";
		};
		5258FAA02AE1F35E0094C1EB /* Modal */ = {
			isa = PBXGroup;
			children = (
				5258FAA12AE1F36D0094C1EB /* User.swift */,
				5274FF702AE9606500B9D6A8 /* ProductData.swift */,
				52B030A62AF2978900161F22 /* CategoryData.swift */,
			);
			path = Modal;
			sourceTree = "<group>";
		};
		5270F1082AE2709F005BC845 /* ViewModel */ = {
			isa = PBXGroup;
			children = (
				5270F1092AE2710F005BC845 /* AuthViewModel.swift */,
				5274FF7D2AE961E500B9D6A8 /* ProductListViewModel.swift */,
				528DA6F32AEBF80600FA67FE /* CategorytListViewModel.swift */,
			);
			path = ViewModel;
			sourceTree = "<group>";
		};
		5274FF652AE9297C00B9D6A8 /* AuthView */ = {
			isa = PBXGroup;
			children = (
				528DA6F52AEBFA8D00FA67FE /* CategoryListViewCell */,
				5274FF852AE9653500B9D6A8 /* ProductImage */,
				5274FF682AE92A6600B9D6A8 /* ProductListView.swift */,
				5274FF6A2AE92AC300B9D6A8 /* CategoryView.swift */,
				5274FF6E2AE92B8F00B9D6A8 /* MainView.swift */,
				5274FF882AE966C200B9D6A8 /* ProductListViewCell.swift */,
				528DA6ED2AEBD3DA00FA67FE /* OrderView.swift */,
				52D81EDD2AF00C45002B8929 /* Order.swift */,
				52D81EDF2AF03595002B8929 /* OrderItemRow.swift */,
				52D81EE12AF07EC2002B8929 /* CartButton.swift */,
			);
			path = AuthView;
			sourceTree = "<group>";
		};
		5274FF722AE960B000B9D6A8 /* NetworkLayer */ = {
			isa = PBXGroup;
			children = (
				5274FF732AE960CE00B9D6A8 /* NetworkURL.swift */,
				5274FF632AE91F4D00B9D6A8 /* NetworkError.swift */,
				5274FF752AE9611200B9D6A8 /* Fetchable.swift */,
				5274FF772AE9617300B9D6A8 /* Networking.swift */,
				5274FF792AE9619000B9D6A8 /* NetworkManager.swift */,
				5274FF7B2AE961AA00B9D6A8 /* JsonParser.swift */,
			);
			path = NetworkLayer;
			sourceTree = "<group>";
		};
		5274FF7F2AE9626D00B9D6A8 /* Repository */ = {
			isa = PBXGroup;
			children = (
				5274FF802AE9628E00B9D6A8 /* ProductRepository.swift */,
				528DA6EF2AEBF52700FA67FE /* CategoryRepository.swift */,
			);
			path = Repository;
			sourceTree = "<group>";
		};
		5274FF822AE9648900B9D6A8 /* CachedImage */ = {
			isa = PBXGroup;
			children = (
				5274FF832AE964A000B9D6A8 /* CacheAsyncImage.swift */,
			);
			path = CachedImage;
			sourceTree = "<group>";
		};
		5274FF852AE9653500B9D6A8 /* ProductImage */ = {
			isa = PBXGroup;
			children = (
				5274FF862AE9656700B9D6A8 /* ProductAsyncImageView.swift */,
			);
			path = ProductImage;
			sourceTree = "<group>";
		};
		528DA6F52AEBFA8D00FA67FE /* CategoryListViewCell */ = {
			isa = PBXGroup;
			children = (
				528DA6F82AEBFB0C00FA67FE /* SmartPhoneCategoryViewCell.swift */,
			);
			path = CategoryListViewCell;
			sourceTree = "<group>";
		};
		52D81EDA2AEFD309002B8929 /* ViewModifier */ = {
			isa = PBXGroup;
			children = (
				52D81EDB2AEFD35E002B8929 /* TextModifier.swift */,
			);
			path = ViewModifier;
			sourceTree = "<group>";
		};
/* End PBXGroup section */

/* Begin PBXNativeTarget section */
		5258FA672AE137270094C1EB /* DemoEcommerce */ = {
			isa = PBXNativeTarget;
			buildConfigurationList = 5258FA8C2AE137290094C1EB /* Build configuration list for PBXNativeTarget "DemoEcommerce" */;
			buildPhases = (
				5258FA642AE137270094C1EB /* Sources */,
				5258FA652AE137270094C1EB /* Frameworks */,
				5258FA662AE137270094C1EB /* Resources */,
			);
			buildRules = (
			);
			dependencies = (
			);
			name = DemoEcommerce;
			packageProductDependencies = (
				5270F1002AE26F9A005BC845 /* FirebaseAuth */,
				5270F1022AE26F9A005BC845 /* FirebaseFirestore */,
				5270F1042AE26F9A005BC845 /* FirebaseFirestoreSwift */,
				5270F1062AE26F9A005BC845 /* FirebaseStorage */,
			);
			productName = DemoEcommerce;
			productReference = 5258FA682AE137270094C1EB /* DemoEcommerce.app */;
			productType = "com.apple.product-type.application";
		};
		5258FA772AE137290094C1EB /* DemoEcommerceTests */ = {
			isa = PBXNativeTarget;
			buildConfigurationList = 5258FA8F2AE137290094C1EB /* Build configuration list for PBXNativeTarget "DemoEcommerceTests" */;
			buildPhases = (
				5258FA742AE137290094C1EB /* Sources */,
				5258FA752AE137290094C1EB /* Frameworks */,
				5258FA762AE137290094C1EB /* Resources */,
			);
			buildRules = (
			);
			dependencies = (
				5258FA7A2AE137290094C1EB /* PBXTargetDependency */,
			);
			name = DemoEcommerceTests;
			productName = DemoEcommerceTests;
			productReference = 5258FA782AE137290094C1EB /* DemoEcommerceTests.xctest */;
			productType = "com.apple.product-type.bundle.unit-test";
		};
		5258FA812AE137290094C1EB /* DemoEcommerceUITests */ = {
			isa = PBXNativeTarget;
			buildConfigurationList = 5258FA922AE137290094C1EB /* Build configuration list for PBXNativeTarget "DemoEcommerceUITests" */;
			buildPhases = (
				5258FA7E2AE137290094C1EB /* Sources */,
				5258FA7F2AE137290094C1EB /* Frameworks */,
				5258FA802AE137290094C1EB /* Resources */,
			);
			buildRules = (
			);
			dependencies = (
				5258FA842AE137290094C1EB /* PBXTargetDependency */,
			);
			name = DemoEcommerceUITests;
			productName = DemoEcommerceUITests;
			productReference = 5258FA822AE137290094C1EB /* DemoEcommerceUITests.xctest */;
			productType = "com.apple.product-type.bundle.ui-testing";
		};
/* End PBXNativeTarget section */

/* Begin PBXProject section */
		5258FA602AE137270094C1EB /* Project object */ = {
			isa = PBXProject;
			attributes = {
				BuildIndependentTargetsInParallel = 1;
				LastSwiftUpdateCheck = 1420;
				LastUpgradeCheck = 1420;
				TargetAttributes = {
					5258FA672AE137270094C1EB = {
						CreatedOnToolsVersion = 14.2;
					};
					5258FA772AE137290094C1EB = {
						CreatedOnToolsVersion = 14.2;
						TestTargetID = 5258FA672AE137270094C1EB;
					};
					5258FA812AE137290094C1EB = {
						CreatedOnToolsVersion = 14.2;
						TestTargetID = 5258FA672AE137270094C1EB;
					};
				};
			};
			buildConfigurationList = 5258FA632AE137270094C1EB /* Build configuration list for PBXProject "DemoEcommerce" */;
			compatibilityVersion = "Xcode 14.0";
			developmentRegion = en;
			hasScannedForEncodings = 0;
			knownRegions = (
				en,
				Base,
			);
			mainGroup = 5258FA5F2AE137270094C1EB;
			packageReferences = (
				5270F0FF2AE26F9A005BC845 /* XCRemoteSwiftPackageReference "firebase-ios-sdk" */,
			);
			productRefGroup = 5258FA692AE137270094C1EB /* Products */;
			projectDirPath = "";
			projectRoot = "";
			targets = (
				5258FA672AE137270094C1EB /* DemoEcommerce */,
				5258FA772AE137290094C1EB /* DemoEcommerceTests */,
				5258FA812AE137290094C1EB /* DemoEcommerceUITests */,
			);
		};
/* End PBXProject section */

/* Begin PBXResourcesBuildPhase section */
		5258FA662AE137270094C1EB /* Resources */ = {
			isa = PBXResourcesBuildPhase;
			buildActionMask = 2147483647;
			files = (
				5258FA732AE137290094C1EB /* Preview Assets.xcassets in Resources */,
				5258FA702AE137290094C1EB /* Assets.xcassets in Resources */,
				5270F0FE2AE26C8C005BC845 /* GoogleService-Info.plist in Resources */,
			);
			runOnlyForDeploymentPostprocessing = 0;
		};
		5258FA762AE137290094C1EB /* Resources */ = {
			isa = PBXResourcesBuildPhase;
			buildActionMask = 2147483647;
			files = (
			);
			runOnlyForDeploymentPostprocessing = 0;
		};
		5258FA802AE137290094C1EB /* Resources */ = {
			isa = PBXResourcesBuildPhase;
			buildActionMask = 2147483647;
			files = (
			);
			runOnlyForDeploymentPostprocessing = 0;
		};
/* End PBXResourcesBuildPhase section */

/* Begin PBXSourcesBuildPhase section */
		5258FA642AE137270094C1EB /* Sources */ = {
			isa = PBXSourcesBuildPhase;
			buildActionMask = 2147483647;
			files = (
				5274FF742AE960CE00B9D6A8 /* NetworkURL.swift in Sources */,
				52B030A72AF2978900161F22 /* CategoryData.swift in Sources */,
				528DA6F42AEBF80600FA67FE /* CategorytListViewModel.swift in Sources */,
				52D81EDE2AF00C45002B8929 /* Order.swift in Sources */,
				5258FA972AE16CEE0094C1EB /* LoginView.swift in Sources */,
				5258FA6E2AE137270094C1EB /* ContentView.swift in Sources */,
				5274FF7A2AE9619000B9D6A8 /* NetworkManager.swift in Sources */,
				52D81EE02AF03595002B8929 /* OrderItemRow.swift in Sources */,
				5258FA9B2AE187060094C1EB /* InputView.swift in Sources */,
				5270F10C2AE2792B005BC845 /* ContentViewOne.swift in Sources */,
				5258FA6C2AE137270094C1EB /* DemoEcommerceApp.swift in Sources */,
				5270F10E2AE2B439005BC845 /* HomeView.swift in Sources */,
				52D81EDC2AEFD35E002B8929 /* TextModifier.swift in Sources */,
				5258FAA22AE1F36D0094C1EB /* User.swift in Sources */,
				5258FA9D2AE1EE2D0094C1EB /* ProfileView.swift in Sources */,
				5274FF6B2AE92AC300B9D6A8 /* CategoryView.swift in Sources */,
				528DA6F92AEBFB0C00FA67FE /* SmartPhoneCategoryViewCell.swift in Sources */,
				5274FF892AE966C200B9D6A8 /* ProductListViewCell.swift in Sources */,
				5274FF842AE964A000B9D6A8 /* CacheAsyncImage.swift in Sources */,
				5274FF812AE9628E00B9D6A8 /* ProductRepository.swift in Sources */,
				5274FF6F2AE92B8F00B9D6A8 /* MainView.swift in Sources */,
				5274FF782AE9617300B9D6A8 /* Networking.swift in Sources */,
				5274FF872AE9656700B9D6A8 /* ProductAsyncImageView.swift in Sources */,
				5258FA992AE170340094C1EB /* RegistrationView.swift in Sources */,
				5274FF642AE91F4D00B9D6A8 /* NetworkError.swift in Sources */,
				5274FF712AE9606500B9D6A8 /* ProductData.swift in Sources */,
				5274FF692AE92A6600B9D6A8 /* ProductListView.swift in Sources */,
				5258FA9F2AE1EE5E0094C1EB /* SettingsRowView.swift in Sources */,
				5274FF7E2AE961E500B9D6A8 /* ProductListViewModel.swift in Sources */,
				5270F10A2AE2710F005BC845 /* AuthViewModel.swift in Sources */,
				528DA6EE2AEBD3DB00FA67FE /* OrderView.swift in Sources */,
				528DA6F02AEBF52700FA67FE /* CategoryRepository.swift in Sources */,
				5274FF7C2AE961AA00B9D6A8 /* JsonParser.swift in Sources */,
				5274FF762AE9611200B9D6A8 /* Fetchable.swift in Sources */,
				52D81EE22AF07EC2002B8929 /* CartButton.swift in Sources */,
			);
			runOnlyForDeploymentPostprocessing = 0;
		};
		5258FA742AE137290094C1EB /* Sources */ = {
			isa = PBXSourcesBuildPhase;
			buildActionMask = 2147483647;
			files = (
				5258FA7D2AE137290094C1EB /* DemoEcommerceTests.swift in Sources */,
			);
			runOnlyForDeploymentPostprocessing = 0;
		};
		5258FA7E2AE137290094C1EB /* Sources */ = {
			isa = PBXSourcesBuildPhase;
			buildActionMask = 2147483647;
			files = (
				5258FA892AE137290094C1EB /* DemoEcommerceUITestsLaunchTests.swift in Sources */,
				5258FA872AE137290094C1EB /* DemoEcommerceUITests.swift in Sources */,
			);
			runOnlyForDeploymentPostprocessing = 0;
		};
/* End PBXSourcesBuildPhase section */

/* Begin PBXTargetDependency section */
		5258FA7A2AE137290094C1EB /* PBXTargetDependency */ = {
			isa = PBXTargetDependency;
			target = 5258FA672AE137270094C1EB /* DemoEcommerce */;
			targetProxy = 5258FA792AE137290094C1EB /* PBXContainerItemProxy */;
		};
		5258FA842AE137290094C1EB /* PBXTargetDependency */ = {
			isa = PBXTargetDependency;
			target = 5258FA672AE137270094C1EB /* DemoEcommerce */;
			targetProxy = 5258FA832AE137290094C1EB /* PBXContainerItemProxy */;
		};
/* End PBXTargetDependency section */

/* Begin XCBuildConfiguration section */
		5258FA8A2AE137290094C1EB /* Debug */ = {
			isa = XCBuildConfiguration;
			buildSettings = {
				ALWAYS_SEARCH_USER_PATHS = NO;
				CLANG_ANALYZER_NONNULL = YES;
				CLANG_ANALYZER_NUMBER_OBJECT_CONVERSION = YES_AGGRESSIVE;
				CLANG_CXX_LANGUAGE_STANDARD = "gnu++20";
				CLANG_ENABLE_MODULES = YES;
				CLANG_ENABLE_OBJC_ARC = YES;
				CLANG_ENABLE_OBJC_WEAK = YES;
				CLANG_WARN_BLOCK_CAPTURE_AUTORELEASING = YES;
				CLANG_WARN_BOOL_CONVERSION = YES;
				CLANG_WARN_COMMA = YES;
				CLANG_WARN_CONSTANT_CONVERSION = YES;
				CLANG_WARN_DEPRECATED_OBJC_IMPLEMENTATIONS = YES;
				CLANG_WARN_DIRECT_OBJC_ISA_USAGE = YES_ERROR;
				CLANG_WARN_DOCUMENTATION_COMMENTS = YES;
				CLANG_WARN_EMPTY_BODY = YES;
				CLANG_WARN_ENUM_CONVERSION = YES;
				CLANG_WARN_INFINITE_RECURSION = YES;
				CLANG_WARN_INT_CONVERSION = YES;
				CLANG_WARN_NON_LITERAL_NULL_CONVERSION = YES;
				CLANG_WARN_OBJC_IMPLICIT_RETAIN_SELF = YES;
				CLANG_WARN_OBJC_LITERAL_CONVERSION = YES;
				CLANG_WARN_OBJC_ROOT_CLASS = YES_ERROR;
				CLANG_WARN_QUOTED_INCLUDE_IN_FRAMEWORK_HEADER = YES;
				CLANG_WARN_RANGE_LOOP_ANALYSIS = YES;
				CLANG_WARN_STRICT_PROTOTYPES = YES;
				CLANG_WARN_SUSPICIOUS_MOVE = YES;
				CLANG_WARN_UNGUARDED_AVAILABILITY = YES_AGGRESSIVE;
				CLANG_WARN_UNREACHABLE_CODE = YES;
				CLANG_WARN__DUPLICATE_METHOD_MATCH = YES;
				COPY_PHASE_STRIP = NO;
				DEBUG_INFORMATION_FORMAT = dwarf;
				ENABLE_STRICT_OBJC_MSGSEND = YES;
				ENABLE_TESTABILITY = YES;
				GCC_C_LANGUAGE_STANDARD = gnu11;
				GCC_DYNAMIC_NO_PIC = NO;
				GCC_NO_COMMON_BLOCKS = YES;
				GCC_OPTIMIZATION_LEVEL = 0;
				GCC_PREPROCESSOR_DEFINITIONS = (
					"DEBUG=1",
					"$(inherited)",
				);
				GCC_WARN_64_TO_32_BIT_CONVERSION = YES;
				GCC_WARN_ABOUT_RETURN_TYPE = YES_ERROR;
				GCC_WARN_UNDECLARED_SELECTOR = YES;
				GCC_WARN_UNINITIALIZED_AUTOS = YES_AGGRESSIVE;
				GCC_WARN_UNUSED_FUNCTION = YES;
				GCC_WARN_UNUSED_VARIABLE = YES;
				IPHONEOS_DEPLOYMENT_TARGET = 16.2;
				MTL_ENABLE_DEBUG_INFO = INCLUDE_SOURCE;
				MTL_FAST_MATH = YES;
				ONLY_ACTIVE_ARCH = YES;
				SDKROOT = iphoneos;
				SWIFT_ACTIVE_COMPILATION_CONDITIONS = DEBUG;
				SWIFT_OPTIMIZATION_LEVEL = "-Onone";
			};
			name = Debug;
		};
		5258FA8B2AE137290094C1EB /* Release */ = {
			isa = XCBuildConfiguration;
			buildSettings = {
				ALWAYS_SEARCH_USER_PATHS = NO;
				CLANG_ANALYZER_NONNULL = YES;
				CLANG_ANALYZER_NUMBER_OBJECT_CONVERSION = YES_AGGRESSIVE;
				CLANG_CXX_LANGUAGE_STANDARD = "gnu++20";
				CLANG_ENABLE_MODULES = YES;
				CLANG_ENABLE_OBJC_ARC = YES;
				CLANG_ENABLE_OBJC_WEAK = YES;
				CLANG_WARN_BLOCK_CAPTURE_AUTORELEASING = YES;
				CLANG_WARN_BOOL_CONVERSION = YES;
				CLANG_WARN_COMMA = YES;
				CLANG_WARN_CONSTANT_CONVERSION = YES;
				CLANG_WARN_DEPRECATED_OBJC_IMPLEMENTATIONS = YES;
				CLANG_WARN_DIRECT_OBJC_ISA_USAGE = YES_ERROR;
				CLANG_WARN_DOCUMENTATION_COMMENTS = YES;
				CLANG_WARN_EMPTY_BODY = YES;
				CLANG_WARN_ENUM_CONVERSION = YES;
				CLANG_WARN_INFINITE_RECURSION = YES;
				CLANG_WARN_INT_CONVERSION = YES;
				CLANG_WARN_NON_LITERAL_NULL_CONVERSION = YES;
				CLANG_WARN_OBJC_IMPLICIT_RETAIN_SELF = YES;
				CLANG_WARN_OBJC_LITERAL_CONVERSION = YES;
				CLANG_WARN_OBJC_ROOT_CLASS = YES_ERROR;
				CLANG_WARN_QUOTED_INCLUDE_IN_FRAMEWORK_HEADER = YES;
				CLANG_WARN_RANGE_LOOP_ANALYSIS = YES;
				CLANG_WARN_STRICT_PROTOTYPES = YES;
				CLANG_WARN_SUSPICIOUS_MOVE = YES;
				CLANG_WARN_UNGUARDED_AVAILABILITY = YES_AGGRESSIVE;
				CLANG_WARN_UNREACHABLE_CODE = YES;
				CLANG_WARN__DUPLICATE_METHOD_MATCH = YES;
				COPY_PHASE_STRIP = NO;
				DEBUG_INFORMATION_FORMAT = "dwarf-with-dsym";
				ENABLE_NS_ASSERTIONS = NO;
				ENABLE_STRICT_OBJC_MSGSEND = YES;
				GCC_C_LANGUAGE_STANDARD = gnu11;
				GCC_NO_COMMON_BLOCKS = YES;
				GCC_WARN_64_TO_32_BIT_CONVERSION = YES;
				GCC_WARN_ABOUT_RETURN_TYPE = YES_ERROR;
				GCC_WARN_UNDECLARED_SELECTOR = YES;
				GCC_WARN_UNINITIALIZED_AUTOS = YES_AGGRESSIVE;
				GCC_WARN_UNUSED_FUNCTION = YES;
				GCC_WARN_UNUSED_VARIABLE = YES;
				IPHONEOS_DEPLOYMENT_TARGET = 16.2;
				MTL_ENABLE_DEBUG_INFO = NO;
				MTL_FAST_MATH = YES;
				SDKROOT = iphoneos;
				SWIFT_COMPILATION_MODE = wholemodule;
				SWIFT_OPTIMIZATION_LEVEL = "-O";
				VALIDATE_PRODUCT = YES;
			};
			name = Release;
		};
		5258FA8D2AE137290094C1EB /* Debug */ = {
			isa = XCBuildConfiguration;
			buildSettings = {
				ASSETCATALOG_COMPILER_APPICON_NAME = AppIcon;
				ASSETCATALOG_COMPILER_GLOBAL_ACCENT_COLOR_NAME = AccentColor;
				CODE_SIGN_STYLE = Automatic;
				CURRENT_PROJECT_VERSION = 1;
				DEVELOPMENT_ASSET_PATHS = "\"DemoEcommerce/Preview Content\"";
				ENABLE_PREVIEWS = YES;
				GENERATE_INFOPLIST_FILE = YES;
				INFOPLIST_KEY_UIApplicationSceneManifest_Generation = YES;
				INFOPLIST_KEY_UIApplicationSupportsIndirectInputEvents = YES;
				INFOPLIST_KEY_UILaunchScreen_Generation = YES;
				INFOPLIST_KEY_UISupportedInterfaceOrientations_iPad = "UIInterfaceOrientationPortrait UIInterfaceOrientationPortraitUpsideDown UIInterfaceOrientationLandscapeLeft UIInterfaceOrientationLandscapeRight";
				INFOPLIST_KEY_UISupportedInterfaceOrientations_iPhone = "UIInterfaceOrientationPortrait UIInterfaceOrientationLandscapeLeft UIInterfaceOrientationLandscapeRight";
				LD_RUNPATH_SEARCH_PATHS = (
					"$(inherited)",
					"@executable_path/Frameworks",
				);
				MARKETING_VERSION = 1.0;
				PRODUCT_BUNDLE_IDENTIFIER = Swift.DemoEcommerce;
				PRODUCT_NAME = "$(TARGET_NAME)";
				SWIFT_EMIT_LOC_STRINGS = YES;
				SWIFT_VERSION = 5.0;
				TARGETED_DEVICE_FAMILY = "1,2";
			};
			name = Debug;
		};
		5258FA8E2AE137290094C1EB /* Release */ = {
			isa = XCBuildConfiguration;
			buildSettings = {
				ASSETCATALOG_COMPILER_APPICON_NAME = AppIcon;
				ASSETCATALOG_COMPILER_GLOBAL_ACCENT_COLOR_NAME = AccentColor;
				CODE_SIGN_STYLE = Automatic;
				CURRENT_PROJECT_VERSION = 1;
				DEVELOPMENT_ASSET_PATHS = "\"DemoEcommerce/Preview Content\"";
				ENABLE_PREVIEWS = YES;
				GENERATE_INFOPLIST_FILE = YES;
				INFOPLIST_KEY_UIApplicationSceneManifest_Generation = YES;
				INFOPLIST_KEY_UIApplicationSupportsIndirectInputEvents = YES;
				INFOPLIST_KEY_UILaunchScreen_Generation = YES;
				INFOPLIST_KEY_UISupportedInterfaceOrientations_iPad = "UIInterfaceOrientationPortrait UIInterfaceOrientationPortraitUpsideDown UIInterfaceOrientationLandscapeLeft UIInterfaceOrientationLandscapeRight";
				INFOPLIST_KEY_UISupportedInterfaceOrientations_iPhone = "UIInterfaceOrientationPortrait UIInterfaceOrientationLandscapeLeft UIInterfaceOrientationLandscapeRight";
				LD_RUNPATH_SEARCH_PATHS = (
					"$(inherited)",
					"@executable_path/Frameworks",
				);
				MARKETING_VERSION = 1.0;
				PRODUCT_BUNDLE_IDENTIFIER = Swift.DemoEcommerce;
				PRODUCT_NAME = "$(TARGET_NAME)";
				SWIFT_EMIT_LOC_STRINGS = YES;
				SWIFT_VERSION = 5.0;
				TARGETED_DEVICE_FAMILY = "1,2";
			};
			name = Release;
		};
		5258FA902AE137290094C1EB /* Debug */ = {
			isa = XCBuildConfiguration;
			buildSettings = {
				ALWAYS_EMBED_SWIFT_STANDARD_LIBRARIES = YES;
				BUNDLE_LOADER = "$(TEST_HOST)";
				CODE_SIGN_STYLE = Automatic;
				CURRENT_PROJECT_VERSION = 1;
				GENERATE_INFOPLIST_FILE = YES;
				IPHONEOS_DEPLOYMENT_TARGET = 16.2;
				MARKETING_VERSION = 1.0;
				PRODUCT_BUNDLE_IDENTIFIER = Swift.DemoEcommerceTests;
				PRODUCT_NAME = "$(TARGET_NAME)";
				SWIFT_EMIT_LOC_STRINGS = NO;
				SWIFT_VERSION = 5.0;
				TARGETED_DEVICE_FAMILY = "1,2";
				TEST_HOST = "$(BUILT_PRODUCTS_DIR)/DemoEcommerce.app/$(BUNDLE_EXECUTABLE_FOLDER_PATH)/DemoEcommerce";
			};
			name = Debug;
		};
		5258FA912AE137290094C1EB /* Release */ = {
			isa = XCBuildConfiguration;
			buildSettings = {
				ALWAYS_EMBED_SWIFT_STANDARD_LIBRARIES = YES;
				BUNDLE_LOADER = "$(TEST_HOST)";
				CODE_SIGN_STYLE = Automatic;
				CURRENT_PROJECT_VERSION = 1;
				GENERATE_INFOPLIST_FILE = YES;
				IPHONEOS_DEPLOYMENT_TARGET = 16.2;
				MARKETING_VERSION = 1.0;
				PRODUCT_BUNDLE_IDENTIFIER = Swift.DemoEcommerceTests;
				PRODUCT_NAME = "$(TARGET_NAME)";
				SWIFT_EMIT_LOC_STRINGS = NO;
				SWIFT_VERSION = 5.0;
				TARGETED_DEVICE_FAMILY = "1,2";
				TEST_HOST = "$(BUILT_PRODUCTS_DIR)/DemoEcommerce.app/$(BUNDLE_EXECUTABLE_FOLDER_PATH)/DemoEcommerce";
			};
			name = Release;
		};
		5258FA932AE137290094C1EB /* Debug */ = {
			isa = XCBuildConfiguration;
			buildSettings = {
				ALWAYS_EMBED_SWIFT_STANDARD_LIBRARIES = YES;
				CODE_SIGN_STYLE = Automatic;
				CURRENT_PROJECT_VERSION = 1;
				GENERATE_INFOPLIST_FILE = YES;
				MARKETING_VERSION = 1.0;
				PRODUCT_BUNDLE_IDENTIFIER = Swift.DemoEcommerceUITests;
				PRODUCT_NAME = "$(TARGET_NAME)";
				SWIFT_EMIT_LOC_STRINGS = NO;
				SWIFT_VERSION = 5.0;
				TARGETED_DEVICE_FAMILY = "1,2";
				TEST_TARGET_NAME = DemoEcommerce;
			};
			name = Debug;
		};
		5258FA942AE137290094C1EB /* Release */ = {
			isa = XCBuildConfiguration;
			buildSettings = {
				ALWAYS_EMBED_SWIFT_STANDARD_LIBRARIES = YES;
				CODE_SIGN_STYLE = Automatic;
				CURRENT_PROJECT_VERSION = 1;
				GENERATE_INFOPLIST_FILE = YES;
				MARKETING_VERSION = 1.0;
				PRODUCT_BUNDLE_IDENTIFIER = Swift.DemoEcommerceUITests;
				PRODUCT_NAME = "$(TARGET_NAME)";
				SWIFT_EMIT_LOC_STRINGS = NO;
				SWIFT_VERSION = 5.0;
				TARGETED_DEVICE_FAMILY = "1,2";
				TEST_TARGET_NAME = DemoEcommerce;
			};
			name = Release;
		};
/* End XCBuildConfiguration section */

/* Begin XCConfigurationList section */
		5258FA632AE137270094C1EB /* Build configuration list for PBXProject "DemoEcommerce" */ = {
			isa = XCConfigurationList;
			buildConfigurations = (
				5258FA8A2AE137290094C1EB /* Debug */,
				5258FA8B2AE137290094C1EB /* Release */,
			);
			defaultConfigurationIsVisible = 0;
			defaultConfigurationName = Release;
		};
		5258FA8C2AE137290094C1EB /* Build configuration list for PBXNativeTarget "DemoEcommerce" */ = {
			isa = XCConfigurationList;
			buildConfigurations = (
				5258FA8D2AE137290094C1EB /* Debug */,
				5258FA8E2AE137290094C1EB /* Release */,
			);
			defaultConfigurationIsVisible = 0;
			defaultConfigurationName = Release;
		};
		5258FA8F2AE137290094C1EB /* Build configuration list for PBXNativeTarget "DemoEcommerceTests" */ = {
			isa = XCConfigurationList;
			buildConfigurations = (
				5258FA902AE137290094C1EB /* Debug */,
				5258FA912AE137290094C1EB /* Release */,
			);
			defaultConfigurationIsVisible = 0;
			defaultConfigurationName = Release;
		};
		5258FA922AE137290094C1EB /* Build configuration list for PBXNativeTarget "DemoEcommerceUITests" */ = {
			isa = XCConfigurationList;
			buildConfigurations = (
				5258FA932AE137290094C1EB /* Debug */,
				5258FA942AE137290094C1EB /* Release */,
			);
			defaultConfigurationIsVisible = 0;
			defaultConfigurationName = Release;
		};
/* End XCConfigurationList section */

/* Begin XCRemoteSwiftPackageReference section */
		5270F0FF2AE26F9A005BC845 /* XCRemoteSwiftPackageReference "firebase-ios-sdk" */ = {
			isa = XCRemoteSwiftPackageReference;
			repositoryURL = "https://github.com/firebase/firebase-ios-sdk";
			requirement = {
				kind = upToNextMajorVersion;
				minimumVersion = 9.0.0;
			};
		};
/* End XCRemoteSwiftPackageReference section */

/* Begin XCSwiftPackageProductDependency section */
		5270F1002AE26F9A005BC845 /* FirebaseAuth */ = {
			isa = XCSwiftPackageProductDependency;
			package = 5270F0FF2AE26F9A005BC845 /* XCRemoteSwiftPackageReference "firebase-ios-sdk" */;
			productName = FirebaseAuth;
		};
		5270F1022AE26F9A005BC845 /* FirebaseFirestore */ = {
			isa = XCSwiftPackageProductDependency;
			package = 5270F0FF2AE26F9A005BC845 /* XCRemoteSwiftPackageReference "firebase-ios-sdk" */;
			productName = FirebaseFirestore;
		};
		5270F1042AE26F9A005BC845 /* FirebaseFirestoreSwift */ = {
			isa = XCSwiftPackageProductDependency;
			package = 5270F0FF2AE26F9A005BC845 /* XCRemoteSwiftPackageReference "firebase-ios-sdk" */;
			productName = FirebaseFirestoreSwift;
		};
		5270F1062AE26F9A005BC845 /* FirebaseStorage */ = {
			isa = XCSwiftPackageProductDependency;
			package = 5270F0FF2AE26F9A005BC845 /* XCRemoteSwiftPackageReference "firebase-ios-sdk" */;
			productName = FirebaseStorage;
		};
/* End XCSwiftPackageProductDependency section */
	};
	rootObject = 5258FA602AE137270094C1EB /* Project object */;
}
